{
  "name": "@dooz/eslint-config-base",
  "version": "1.0.0",
  "lockfileVersion": 1,
  "requires": true,
  "dependencies": {
    "@dooz/prettier-config": {
      "version": "1.0.0",
      "resolved": "https://registry.npmjs.org/@dooz/prettier-config/-/prettier-config-1.0.0.tgz",
      "integrity": "sha512-6F0Ba1q4SR/gkI6oRsOxwn29r4apxekwEnZEREUOIG2/3QINm/mrUirUiRt64D4EaRj8iZ0KElpndx/jXhZ9Hg=="
    }
  }
}
